{
  "version": "1",
  "sources": {
    "disko": {
      "type": "GitHub",
      "fetchType": "tarball",
      "frozen": true,
      "owner": "nix-community",
      "repo": "disko",
      "branch": "master",
      "revision": "v1.13.0",
      "url": "https://github.com/nix-community/disko/archive/v1.13.0.tar.gz",
      "hash": "sha256-CNzzBsRhq7gg4BMBuTDObiWDH/rFYHEuDRVOwCcwXw4="
    },
    "lanzaboote": {
      "type": "GitHub",
      "fetchType": "tarball",
      "frozen": true,
      "owner": "nix-community",
      "repo": "lanzaboote",
      "branch": "master",
      "revision": "v1.1.0",
      "url": "https://github.com/nix-community/lanzaboote/archive/v1.1.0.tar.gz",
      "hash": "sha256-hqijVSEETttmo8Okql9/LG0Ua34hdciKW1a5zzlj8mU="
    },
    "nixos-hardware": {
      "type": "GitHub",
      "fetchType": "tarball",
      "owner": "NixOS",
      "repo": "nixos-hardware",
      "branch": "master",
      "revision": "dc3f0cfde2050172abf6c3cdb684f735c15a57c5",
      "url": "https://github.com/NixOS/nixos-hardware/archive/dc3f0cfde2050172abf6c3cdb684f735c15a57c5.tar.gz",
      "hash": "sha256-cmOd3iGoE140M2GidgQMQbyxHZ4dT7C0QZq2+CrXQyA="
    },
    "rust-overlay": {
      "type": "GitHub",
      "fetchType": "tarball",
      "frozen": true,
      "owner": "oxalica",
      "repo": "rust-overlay",
      "branch": "master",
      "revision": "892c035d7c2ff75acd5da10424a47ab454e1f3dc",
      "url": "https://github.com/oxalica/rust-overlay/archive/892c035d7c2ff75acd5da10424a47ab454e1f3dc.tar.gz",
      "hash": "sha256-KJhq0HYg2gIZjpsj47z1kWrjoUUAqSqdD2mMWAsOg4k="
    },
    "zen-browser": {
      "type": "GitHub",
      "fetchType": "tarball",
      "owner": "0xc000022070",
      "repo": "zen-browser-flake",
      "branch": "main",
      "revision": "82589d1716b7d4de8e17e77b92b67952b7e3da96",
      "url": "https://github.com/0xc000022070/zen-browser-flake/archive/82589d1716b7d4de8e17e77b92b67952b7e3da96.tar.gz",
      "hash": "sha256-27Q1HjIybCEOHqGrP/LOtSnIb4Rmek3Ochi7Trl90Y4="
    }
  }
}
