{
  "version": "1",
  "sources": {
    "disko": {
      "type": "GitHub",
      "fetchType": "tarball",
      "frozen": true,
      "owner": "nix-community",
      "repo": "disko",
      "branch": "master",
      "revision": "v1.13.0",
      "url": "https://github.com/nix-community/disko/archive/v1.13.0.tar.gz",
      "hash": "sha256-CNzzBsRhq7gg4BMBuTDObiWDH/rFYHEuDRVOwCcwXw4="
    },
    "lanzaboote": {
      "type": "GitHub",
      "fetchType": "tarball",
      "frozen": true,
      "owner": "nix-community",
      "repo": "lanzaboote",
      "branch": "master",
      "revision": "v1.1.0",
      "url": "https://github.com/nix-community/lanzaboote/archive/v1.1.0.tar.gz",
      "hash": "sha256-hqijVSEETttmo8Okql9/LG0Ua34hdciKW1a5zzlj8mU="
    },
    "nixos-hardware": {
      "type": "GitHub",
      "fetchType": "tarball",
      "owner": "NixOS",
      "repo": "nixos-hardware",
      "branch": "master",
      "revision": "24cfdc1f9344b90a1eee329a3906e2f39f4d0f1e",
      "url": "https://github.com/NixOS/nixos-hardware/archive/24cfdc1f9344b90a1eee329a3906e2f39f4d0f1e.tar.gz",
      "hash": "sha256-vL/Fpo7Zxa7wvO8V5FAToUBvP+K3XsMB1wUglTtd/J0="
    },
    "rust-overlay": {
      "type": "GitHub",
      "fetchType": "tarball",
      "frozen": true,
      "owner": "oxalica",
      "repo": "rust-overlay",
      "branch": "master",
      "revision": "892c035d7c2ff75acd5da10424a47ab454e1f3dc",
      "url": "https://github.com/oxalica/rust-overlay/archive/892c035d7c2ff75acd5da10424a47ab454e1f3dc.tar.gz",
      "hash": "sha256-KJhq0HYg2gIZjpsj47z1kWrjoUUAqSqdD2mMWAsOg4k="
    },
    "zen-browser": {
      "type": "GitHub",
      "fetchType": "tarball",
      "owner": "0xc000022070",
      "repo": "zen-browser-flake",
      "branch": "main",
      "revision": "b66d03970382d5185e040110b24ecb7a39df0e80",
      "url": "https://github.com/0xc000022070/zen-browser-flake/archive/b66d03970382d5185e040110b24ecb7a39df0e80.tar.gz",
      "hash": "sha256-x6LDRbyl+trEnwrFth2SAdDf8x4SM7DWcjmR2JUxtAg="
    }
  }
}
